
Microsoft Visual Studio Solution File, Format Version 12.00
# Visual Studio 15
VisualStudioVersion = 15.0.28307.136
MinimumVisualStudioVersion = 10.0.40219.1
Project("{2150E333-8FDC-42A3-9474-1A3956D46DE8}") = "Domain", "Domain", "{C737FAF9-B285-4EBD-AF66-3361342C5AFB}"
EndProject
Project("{2150E333-8FDC-42A3-9474-1A3956D46DE8}") = "Infra.Bus", "Infra.Bus", "{2FA00066-852D-4522-A126-DABF2A3B7BAD}"
EndProject
Project("{2150E333-8FDC-42A3-9474-1A3956D46DE8}") = "Infra.Ioc", "Infra.Ioc", "{8DCBF9AE-B67D-453A-BA4D-CED446628CC9}"
EndProject
Project("{2150E333-8FDC-42A3-9474-1A3956D46DE8}") = "Microservices", "Microservices", "{1C6C9675-8C89-4BD3-A3E6-420EDB6B29A4}"
EndProject
Project("{2150E333-8FDC-42A3-9474-1A3956D46DE8}") = "Presentation", "Presentation", "{B1DC8BC4-2873-47D0-937B-D62B4C40153D}"
EndProject
Project("{FAE04EC0-301F-11D3-BF4B-00C04F79EFBC}") = "MicroRabbit.Domain.Core", "MicroRabbit.Domain.Core\MicroRabbit.Domain.Core.csproj", "{122EB793-726D-4DCF-8B46-05F14C93FA44}"
EndProject
Global
	GlobalSection(SolutionConfigurationPlatforms) = preSolution
		Debug|Any CPU = Debug|Any CPU
		Release|Any CPU = Release|Any CPU
	EndGlobalSection
	GlobalSection(ProjectConfigurationPlatforms) = postSolution
		{122EB793-726D-4DCF-8B46-05F14C93FA44}.Debug|Any CPU.ActiveCfg = Debug|Any CPU
		{122EB793-726D-4DCF-8B46-05F14C93FA44}.Debug|Any CPU.Build.0 = Debug|Any CPU
		{122EB793-726D-4DCF-8B46-05F14C93FA44}.Release|Any CPU.ActiveCfg = Release|Any CPU
		{122EB793-726D-4DCF-8B46-05F14C93FA44}.Release|Any CPU.Build.0 = Release|Any CPU
	EndGlobalSection
	GlobalSection(SolutionProperties) = preSolution
		HideSolutionNode = FALSE
	EndGlobalSection
	GlobalSection(NestedProjects) = preSolution
		{122EB793-726D-4DCF-8B46-05F14C93FA44} = {C737FAF9-B285-4EBD-AF66-3361342C5AFB}
	EndGlobalSection
	GlobalSection(ExtensibilityGlobals) = postSolution
		SolutionGuid = {9DC631DF-D78F-403B-A733-03D9C221FA60}
	EndGlobalSection
EndGlobal
