
Microsoft Visual Studio Solution File, Format Version 12.00
# Visual Studio 15
VisualStudioVersion = 15.0.28307.136
MinimumVisualStudioVersion = 10.0.40219.1
Project("{2150E333-8FDC-42A3-9474-1A3956D46DE8}") = "Domain", "Domain", "{C737FAF9-B285-4EBD-AF66-3361342C5AFB}"
EndProject
Project("{2150E333-8FDC-42A3-9474-1A3956D46DE8}") = "Infra.Bus", "Infra.Bus", "{2FA00066-852D-4522-A126-DABF2A3B7BAD}"
EndProject
Project("{2150E333-8FDC-42A3-9474-1A3956D46DE8}") = "Infra.Ioc", "Infra.Ioc", "{8DCBF9AE-B67D-453A-BA4D-CED446628CC9}"
EndProject
Project("{2150E333-8FDC-42A3-9474-1A3956D46DE8}") = "Microservices", "Microservices", "{1C6C9675-8C89-4BD3-A3E6-420EDB6B29A4}"
EndProject
Project("{2150E333-8FDC-42A3-9474-1A3956D46DE8}") = "Presentation", "Presentation", "{B1DC8BC4-2873-47D0-937B-D62B4C40153D}"
EndProject
Project("{9A19103F-16F7-4668-BE54-9A1E7A4F7556}") = "MicroRabbit.Domain.Core", "MicroRabbit.Domain.Core\MicroRabbit.Domain.Core.csproj", "{122EB793-726D-4DCF-8B46-05F14C93FA44}"
EndProject
Project("{9A19103F-16F7-4668-BE54-9A1E7A4F7556}") = "MicroRabbit.Infra.Bus", "MicroRabbit.Infra.Bus\MicroRabbit.Infra.Bus.csproj", "{8F6CD22E-1946-490A-8571-1A8720D4E413}"
EndProject
Project("{FAE04EC0-301F-11D3-BF4B-00C04F79EFBC}") = "MicroRabbit.Infra.Ioc", "MicroRabbit.Infra.Ioc\MicroRabbit.Infra.Ioc.csproj", "{0B73CABA-37B8-41EA-85F4-4A63CCB50FB8}"
EndProject
Project("{2150E333-8FDC-42A3-9474-1A3956D46DE8}") = "Banking", "Banking", "{B074B63A-E07E-4B79-9B16-97D0C4C76F43}"
EndProject
Project("{2150E333-8FDC-42A3-9474-1A3956D46DE8}") = "Api", "Api", "{6B91B4DA-80A0-4203-B0FE-1FA3AFB0C3F0}"
EndProject
Project("{2150E333-8FDC-42A3-9474-1A3956D46DE8}") = "Application", "Application", "{927BD493-96B3-4A6D-9BD6-04E476E43B3B}"
EndProject
Project("{2150E333-8FDC-42A3-9474-1A3956D46DE8}") = "Data", "Data", "{305F5B82-9D6D-48C1-8CB9-DB9CCFAA17FB}"
EndProject
Project("{2150E333-8FDC-42A3-9474-1A3956D46DE8}") = "Domain", "Domain", "{56CF657F-6173-44D7-8823-03A30417BA2B}"
EndProject
Project("{FAE04EC0-301F-11D3-BF4B-00C04F79EFBC}") = "MicroRabbit.Banking.Api", "MicroRabbit.Banking.Api\MicroRabbit.Banking.Api.csproj", "{D94DE7ED-E6FE-446C-B279-3642E627A00A}"
EndProject
Project("{FAE04EC0-301F-11D3-BF4B-00C04F79EFBC}") = "MicroRabbit.Banking.Application", "MicroRabbit.Banking.Application\MicroRabbit.Banking.Application.csproj", "{367AF8D7-A049-45F3-A8C2-1353F4EAAE97}"
EndProject
Project("{FAE04EC0-301F-11D3-BF4B-00C04F79EFBC}") = "MicroRabbit.Banking.Data", "MicroRabbit.Banking.Data\MicroRabbit.Banking.Data.csproj", "{D05D2236-0363-45C7-A104-06D1E126E0B7}"
EndProject
Project("{FAE04EC0-301F-11D3-BF4B-00C04F79EFBC}") = "MicroRabbit.Banking.Domain", "MicroRabbit.Banking.Domain\MicroRabbit.Banking.Domain.csproj", "{92DBD0C8-BA1A-471E-977E-85F544BA1B0C}"
EndProject
Global
	GlobalSection(SolutionConfigurationPlatforms) = preSolution
		Debug|Any CPU = Debug|Any CPU
		Release|Any CPU = Release|Any CPU
	EndGlobalSection
	GlobalSection(ProjectConfigurationPlatforms) = postSolution
		{122EB793-726D-4DCF-8B46-05F14C93FA44}.Debug|Any CPU.ActiveCfg = Debug|Any CPU
		{122EB793-726D-4DCF-8B46-05F14C93FA44}.Debug|Any CPU.Build.0 = Debug|Any CPU
		{122EB793-726D-4DCF-8B46-05F14C93FA44}.Release|Any CPU.ActiveCfg = Release|Any CPU
		{122EB793-726D-4DCF-8B46-05F14C93FA44}.Release|Any CPU.Build.0 = Release|Any CPU
		{8F6CD22E-1946-490A-8571-1A8720D4E413}.Debug|Any CPU.ActiveCfg = Debug|Any CPU
		{8F6CD22E-1946-490A-8571-1A8720D4E413}.Debug|Any CPU.Build.0 = Debug|Any CPU
		{8F6CD22E-1946-490A-8571-1A8720D4E413}.Release|Any CPU.ActiveCfg = Release|Any CPU
		{8F6CD22E-1946-490A-8571-1A8720D4E413}.Release|Any CPU.Build.0 = Release|Any CPU
		{0B73CABA-37B8-41EA-85F4-4A63CCB50FB8}.Debug|Any CPU.ActiveCfg = Debug|Any CPU
		{0B73CABA-37B8-41EA-85F4-4A63CCB50FB8}.Debug|Any CPU.Build.0 = Debug|Any CPU
		{0B73CABA-37B8-41EA-85F4-4A63CCB50FB8}.Release|Any CPU.ActiveCfg = Release|Any CPU
		{0B73CABA-37B8-41EA-85F4-4A63CCB50FB8}.Release|Any CPU.Build.0 = Release|Any CPU
		{D94DE7ED-E6FE-446C-B279-3642E627A00A}.Debug|Any CPU.ActiveCfg = Debug|Any CPU
		{D94DE7ED-E6FE-446C-B279-3642E627A00A}.Debug|Any CPU.Build.0 = Debug|Any CPU
		{D94DE7ED-E6FE-446C-B279-3642E627A00A}.Release|Any CPU.ActiveCfg = Release|Any CPU
		{D94DE7ED-E6FE-446C-B279-3642E627A00A}.Release|Any CPU.Build.0 = Release|Any CPU
		{367AF8D7-A049-45F3-A8C2-1353F4EAAE97}.Debug|Any CPU.ActiveCfg = Debug|Any CPU
		{367AF8D7-A049-45F3-A8C2-1353F4EAAE97}.Debug|Any CPU.Build.0 = Debug|Any CPU
		{367AF8D7-A049-45F3-A8C2-1353F4EAAE97}.Release|Any CPU.ActiveCfg = Release|Any CPU
		{367AF8D7-A049-45F3-A8C2-1353F4EAAE97}.Release|Any CPU.Build.0 = Release|Any CPU
		{D05D2236-0363-45C7-A104-06D1E126E0B7}.Debug|Any CPU.ActiveCfg = Debug|Any CPU
		{D05D2236-0363-45C7-A104-06D1E126E0B7}.Debug|Any CPU.Build.0 = Debug|Any CPU
		{D05D2236-0363-45C7-A104-06D1E126E0B7}.Release|Any CPU.ActiveCfg = Release|Any CPU
		{D05D2236-0363-45C7-A104-06D1E126E0B7}.Release|Any CPU.Build.0 = Release|Any CPU
		{92DBD0C8-BA1A-471E-977E-85F544BA1B0C}.Debug|Any CPU.ActiveCfg = Debug|Any CPU
		{92DBD0C8-BA1A-471E-977E-85F544BA1B0C}.Debug|Any CPU.Build.0 = Debug|Any CPU
		{92DBD0C8-BA1A-471E-977E-85F544BA1B0C}.Release|Any CPU.ActiveCfg = Release|Any CPU
		{92DBD0C8-BA1A-471E-977E-85F544BA1B0C}.Release|Any CPU.Build.0 = Release|Any CPU
	EndGlobalSection
	GlobalSection(SolutionProperties) = preSolution
		HideSolutionNode = FALSE
	EndGlobalSection
	GlobalSection(NestedProjects) = preSolution
		{122EB793-726D-4DCF-8B46-05F14C93FA44} = {C737FAF9-B285-4EBD-AF66-3361342C5AFB}
		{8F6CD22E-1946-490A-8571-1A8720D4E413} = {2FA00066-852D-4522-A126-DABF2A3B7BAD}
		{0B73CABA-37B8-41EA-85F4-4A63CCB50FB8} = {8DCBF9AE-B67D-453A-BA4D-CED446628CC9}
		{B074B63A-E07E-4B79-9B16-97D0C4C76F43} = {1C6C9675-8C89-4BD3-A3E6-420EDB6B29A4}
		{6B91B4DA-80A0-4203-B0FE-1FA3AFB0C3F0} = {B074B63A-E07E-4B79-9B16-97D0C4C76F43}
		{927BD493-96B3-4A6D-9BD6-04E476E43B3B} = {B074B63A-E07E-4B79-9B16-97D0C4C76F43}
		{305F5B82-9D6D-48C1-8CB9-DB9CCFAA17FB} = {B074B63A-E07E-4B79-9B16-97D0C4C76F43}
		{56CF657F-6173-44D7-8823-03A30417BA2B} = {B074B63A-E07E-4B79-9B16-97D0C4C76F43}
		{D94DE7ED-E6FE-446C-B279-3642E627A00A} = {6B91B4DA-80A0-4203-B0FE-1FA3AFB0C3F0}
		{367AF8D7-A049-45F3-A8C2-1353F4EAAE97} = {927BD493-96B3-4A6D-9BD6-04E476E43B3B}
		{D05D2236-0363-45C7-A104-06D1E126E0B7} = {305F5B82-9D6D-48C1-8CB9-DB9CCFAA17FB}
		{92DBD0C8-BA1A-471E-977E-85F544BA1B0C} = {56CF657F-6173-44D7-8823-03A30417BA2B}
	EndGlobalSection
	GlobalSection(ExtensibilityGlobals) = postSolution
		SolutionGuid = {9DC631DF-D78F-403B-A733-03D9C221FA60}
	EndGlobalSection
EndGlobal
